{
    "_meta": {
        "hash": {
            "sha256": "78b77d7e05acf8bfa23684dac9804ee7c33f81661d5403f0911a0ca56a5ac5f5"
        },
        "pipfile-spec": 6,
        "requires": {
            "python_version": "3.11"
        },
        "sources": [
            {
                "name": "pypi",
                "url": "https://pypi.org/simple",
                "verify_ssl": true
            }
        ]
    },
    "default": {},
    "develop": {}
}
